
Microsoft Visual Studio Solution File, Format Version 12.00
# Visual Studio Version 17
VisualStudioVersion = 17.8.34330.188
MinimumVisualStudioVersion = 10.0.40219.1
Project("{FAE04EC0-301F-11D3-BF4B-00C04F79EFBC}") = "MagicSquare", "MagicSquare\MagicSquare.csproj", "{37224A91-1955-4F72-9888-0DC35D2AAD68}"
EndProject
Global
	GlobalSection(SolutionConfigurationPlatforms) = preSolution
		Debug|Any CPU = Debug|Any CPU
		Release|Any CPU = Release|Any CPU
	EndGlobalSection
	GlobalSection(ProjectConfigurationPlatforms) = postSolution
		{37224A91-1955-4F72-9888-0DC35D2AAD68}.Debug|Any CPU.ActiveCfg = Debug|Any CPU
		{37224A91-1955-4F72-9888-0DC35D2AAD68}.Debug|Any CPU.Build.0 = Debug|Any CPU
		{37224A91-1955-4F72-9888-0DC35D2AAD68}.Release|Any CPU.ActiveCfg = Release|Any CPU
		{37224A91-1955-4F72-9888-0DC35D2AAD68}.Release|Any CPU.Build.0 = Release|Any CPU
	EndGlobalSection
	GlobalSection(SolutionProperties) = preSolution
		HideSolutionNode = FALSE
	EndGlobalSection
	GlobalSection(ExtensibilityGlobals) = postSolution
		SolutionGuid = {F15F4A13-F826-4F93-89D0-0CC6183AFBB7}
	EndGlobalSection
EndGlobal
